github.com/ethereum/go-ethereum v1.16.4/go.mod h1:P7551slMFbjn2zOQaKrJShZVN/d8bGxp4/I6yZVlb5w=
github.com/smartcontractkit/chainlink-protos/cre/go v0.0.0-20251021010742-3f8d3dba17d8/go.mod h1:jUC52kZzEnWF9tddHh85zolKybmLpbQ1oNA4FjOHt1Q=
github.com/smartcontractkit/cre-sdk-go v0.10.0/go.mod h1:CQY8hCISjctPmt8ViDVgFm4vMGLs5fYI198QhkBS++Y=
github.com/smartcontractkit/cre-sdk-go/capabilities/blockchain/evm v0.10.0/go.mod h1:VVJ4mvA7wOU1Ic5b/vTaBMHEUysyxd0gdPPXkAu8CmY=
gopkg.in/check.v1 v0.0.0-20161208181325-20d25e280405/go.mod h1:Co6ibVJAznAaIkqp8huTwlJQCZ016jof/cbN4VW5Yz0=
gopkg.in/yaml.v3 v3.0.1/go.mod h1:K4uyk7z7BCEPqu6E+C64Yfv1cQ7kz7rIZviUmN+EgEM=
